{
  "object": {
    "pins": [
      {
        "package": "ASNavigationView",
        "repositoryURL": "https://github.com/apptekstudios/ASNavigationView",
        "state": {
          "branch": "master",
          "revision": "1298b1b944b88b6b45717fc2e79789e7eb4864ad",
          "version": null
        }
      },
      {
        "package": "MagazineLayout",
        "repositoryURL": "https://github.com/airbnb/MagazineLayout",
        "state": {
          "branch": "master",
          "revision": "fefddd198aab0950006b61e6df0fc6a7e54a1fe2",
          "version": null
        }
      }
    ]
  },
  "version": 1
}
