{
  "object": {
    "pins": [
      {
        "package": "ASNavigationView",
        "repositoryURL": "https://github.com/apptekstudios/ASNavigationView",
        "state": {
          "branch": "master",
          "revision": "8498e56fd69315f23b57b24802230d3b46ec30cf",
          "version": null
        }
      },
      {
        "package": "MagazineLayout",
        "repositoryURL": "https://github.com/airbnb/MagazineLayout",
        "state": {
          "branch": "master",
          "revision": "fefddd198aab0950006b61e6df0fc6a7e54a1fe2",
          "version": null
        }
      }
    ]
  },
  "version": 1
}
